
Microsoft Visual Studio Solution File, Format Version 12.00
# Visual Studio Version 16
VisualStudioVersion = 16.0.30011.22
MinimumVisualStudioVersion = 10.0.40219.1
Project("{8BC9CEB8-8B4A-11D0-8D11-00A0C91BC942}") = "TicTacTwist", "TicTacTwist.vcxproj", "{68FB814A-4802-4AFE-83EB-EBF5561C762D}"
EndProject
Global
	GlobalSection(SolutionConfigurationPlatforms) = preSolution
		Debug|x64 = Debug|x64
		Debug|x86 = Debug|x86
		Release|x64 = Release|x64
		Release|x86 = Release|x86
	EndGlobalSection
	GlobalSection(ProjectConfigurationPlatforms) = postSolution
		{68FB814A-4802-4AFE-83EB-EBF5561C762D}.Debug|x64.ActiveCfg = Debug|x64
		{68FB814A-4802-4AFE-83EB-EBF5561C762D}.Debug|x64.Build.0 = Debug|x64
		{68FB814A-4802-4AFE-83EB-EBF5561C762D}.Debug|x86.ActiveCfg = Debug|Win32
		{68FB814A-4802-4AFE-83EB-EBF5561C762D}.Debug|x86.Build.0 = Debug|Win32
		{68FB814A-4802-4AFE-83EB-EBF5561C762D}.Release|x64.ActiveCfg = Release|x64
		{68FB814A-4802-4AFE-83EB-EBF5561C762D}.Release|x64.Build.0 = Release|x64
		{68FB814A-4802-4AFE-83EB-EBF5561C762D}.Release|x86.ActiveCfg = Release|Win32
		{68FB814A-4802-4AFE-83EB-EBF5561C762D}.Release|x86.Build.0 = Release|Win32
	EndGlobalSection
	GlobalSection(SolutionProperties) = preSolution
		HideSolutionNode = FALSE
	EndGlobalSection
	GlobalSection(ExtensibilityGlobals) = postSolution
		SolutionGuid = {2B84261E-492C-4409-94B9-F87751FD3759}
	EndGlobalSection
EndGlobal
